recipe: compile the Go binary named vibe from the module root
model: claude-sonnet-4-6
variables:
    model: claude-sonnet-4-6
    module: github.com/vibefile-dev/vibe
    name: vibe
context_files:
    Vibefile: sha256:6e3de29a877cd2f91b5e2a736c028504ea4f0dd0d2aeeaacf3b391924dd596ba
    go.mod: sha256:b4a3b456bb05ada6f8b23bcce9d77bdb7e6060c866ae48b9fc8477f8abc8fa3b
script_hash: sha256:49203c18b2ff4c2bb7d6291b0771d062a66daf1e818aefed131fcc80a0c52cd8
generated_at: 2026-03-13T22:55:22.302624Z
